// !$*UTF8*$!
{
	archiveVersion = 1;
	classes = {
	};
	objectVersion = 52;
	objects = {

/* Begin PBXBuildFile section */
		D60530252695F8AC00142D75 /* RadioInApp.swift in Sources */ = {isa = PBXBuildFile; fileRef = D60530242695F8AC00142D75 /* RadioInApp.swift */; };
		D60530292695F8AD00142D75 /* Assets.xcassets in Resources */ = {isa = PBXBuildFile; fileRef = D60530282695F8AD00142D75 /* Assets.xcassets */; };
		D605302C2695F8AE00142D75 /* Preview Assets.xcassets in Resources */ = {isa = PBXBuildFile; fileRef = D605302B2695F8AE00142D75 /* Preview Assets.xcassets */; };
		D61C5FEC26A8A47400E9AEC6 /* PlayerViewModel.swift in Sources */ = {isa = PBXBuildFile; fileRef = D61C5FEB26A8A47400E9AEC6 /* PlayerViewModel.swift */; };
		D6248A5326A9FBE4009C5AF4 /* CategoryItem.swift in Sources */ = {isa = PBXBuildFile; fileRef = D6248A5226A9FBE4009C5AF4 /* CategoryItem.swift */; };
		D6248A5526A9FC78009C5AF4 /* CategoryRow.swift in Sources */ = {isa = PBXBuildFile; fileRef = D6248A5426A9FC78009C5AF4 /* CategoryRow.swift */; };
		D63AAD1126C3283100D829AB /* AudioStatus.swift in Sources */ = {isa = PBXBuildFile; fileRef = D63AAD1026C3283100D829AB /* AudioStatus.swift */; };
		D63AAD1326C3295F00D829AB /* AudioBox.swift in Sources */ = {isa = PBXBuildFile; fileRef = D63AAD1226C3295F00D829AB /* AudioBox.swift */; };
		D658B2822696518C00859A7E /* StationRow.swift in Sources */ = {isa = PBXBuildFile; fileRef = D658B2812696518C00859A7E /* StationRow.swift */; };
		D658B284269656CB00859A7E /* SearchBar.swift in Sources */ = {isa = PBXBuildFile; fileRef = D658B283269656CB00859A7E /* SearchBar.swift */; };
		D65E73F12697E2370050E7DB /* PlayerView.swift in Sources */ = {isa = PBXBuildFile; fileRef = D65E73F02697E2370050E7DB /* PlayerView.swift */; };
		D65E73F32697E44F0050E7DB /* info.swift in Sources */ = {isa = PBXBuildFile; fileRef = D65E73F22697E44F0050E7DB /* info.swift */; };
		D663139F26B2023A00F9DA30 /* audioAnimation.swift in Sources */ = {isa = PBXBuildFile; fileRef = D663139E26B2023A00F9DA30 /* audioAnimation.swift */; };
		D66313A626B222C200F9DA30 /* SwiftUIListSeparator in Frameworks */ = {isa = PBXBuildFile; productRef = D66313A526B222C200F9DA30 /* SwiftUIListSeparator */; };
		D674930526B452B200CE6AC2 /* ArtWorkView.swift in Sources */ = {isa = PBXBuildFile; fileRef = D674930426B452B200CE6AC2 /* ArtWorkView.swift */; };
		D676D05326A1C4250030FC05 /* ContentView.swift in Sources */ = {isa = PBXBuildFile; fileRef = D676D05226A1C4250030FC05 /* ContentView.swift */; };
		D685D1EA26990431004FDE3F /* PlayerBar.swift in Sources */ = {isa = PBXBuildFile; fileRef = D685D1E926990431004FDE3F /* PlayerBar.swift */; };
		D69681F026C1D0F800D8081F /* FavoriteButton.swift in Sources */ = {isa = PBXBuildFile; fileRef = D69681EF26C1D0F800D8081F /* FavoriteButton.swift */; };
		D69A69F826B4975500117A72 /* favoritesListView.swift in Sources */ = {isa = PBXBuildFile; fileRef = D69A69F726B4975500117A72 /* favoritesListView.swift */; };
		D6A30E7A26C2E7EF003D3534 /* RadioApi.swift in Sources */ = {isa = PBXBuildFile; fileRef = D6A30E7926C2E7EF003D3534 /* RadioApi.swift */; };
		D6C52D1A26A0FB6E0062DB6B /* Blur.swift in Sources */ = {isa = PBXBuildFile; fileRef = D6C52D1926A0FB6E0062DB6B /* Blur.swift */; };
		D6C7FAE926964A5F0000532B /* SearchView.swift in Sources */ = {isa = PBXBuildFile; fileRef = D6C7FAE826964A5F0000532B /* SearchView.swift */; };
		D6C9A55826CC19EB0071A01C /* SwiftUIView.swift in Sources */ = {isa = PBXBuildFile; fileRef = D6C9A55726CC19EB0071A01C /* SwiftUIView.swift */; };
		D6C9A55A26CC1B6B0071A01C /* URLimage.swift in Sources */ = {isa = PBXBuildFile; fileRef = D6C9A55926CC1B6B0071A01C /* URLimage.swift */; };
		D6D9B64726B0A7210048B281 /* EmptySearchView.swift in Sources */ = {isa = PBXBuildFile; fileRef = D6D9B64626B0A7210048B281 /* EmptySearchView.swift */; };
		D6D9B64926B0AB4D0048B281 /* EmptyFavoritesView.swift in Sources */ = {isa = PBXBuildFile; fileRef = D6D9B64826B0AB4D0048B281 /* EmptyFavoritesView.swift */; };
		D6F1A8A126CC551C00B9BA93 /* StationModel.swift in Sources */ = {isa = PBXBuildFile; fileRef = D6F1A8A026CC551C00B9BA93 /* StationModel.swift */; };
		D6F1A8A626CC66D200B9BA93 /* URLImage in Frameworks */ = {isa = PBXBuildFile; productRef = D6F1A8A526CC66D200B9BA93 /* URLImage */; };
		D6F1A8A826CC670F00B9BA93 /* ImageURL.swift in Sources */ = {isa = PBXBuildFile; fileRef = D6F1A8A726CC670F00B9BA93 /* ImageURL.swift */; };
/* End PBXBuildFile section */

/* Begin PBXCopyFilesBuildPhase section */
		D6E52F4426ADB59600E83B8F /* Embed App Extensions */ = {
			isa = PBXCopyFilesBuildPhase;
			buildActionMask = 2147483647;
			dstPath = "";
			dstSubfolderSpec = 13;
			files = (
			);
			name = "Embed App Extensions";
			runOnlyForDeploymentPostprocessing = 0;
		};
/* End PBXCopyFilesBuildPhase section */

/* Begin PBXFileReference section */
		D60530212695F8AC00142D75 /* RadioIn.app */ = {isa = PBXFileReference; explicitFileType = wrapper.application; includeInIndex = 0; path = RadioIn.app; sourceTree = BUILT_PRODUCTS_DIR; };
		D60530242695F8AC00142D75 /* RadioInApp.swift */ = {isa = PBXFileReference; lastKnownFileType = sourcecode.swift; path = RadioInApp.swift; sourceTree = "<group>"; };
		D60530282695F8AD00142D75 /* Assets.xcassets */ = {isa = PBXFileReference; lastKnownFileType = folder.assetcatalog; path = Assets.xcassets; sourceTree = "<group>"; };
		D605302B2695F8AE00142D75 /* Preview Assets.xcassets */ = {isa = PBXFileReference; lastKnownFileType = folder.assetcatalog; path = "Preview Assets.xcassets"; sourceTree = "<group>"; };
		D605302D2695F8AE00142D75 /* Info.plist */ = {isa = PBXFileReference; lastKnownFileType = text.plist.xml; path = Info.plist; sourceTree = "<group>"; };
		D61C5FEB26A8A47400E9AEC6 /* PlayerViewModel.swift */ = {isa = PBXFileReference; lastKnownFileType = sourcecode.swift; path = PlayerViewModel.swift; sourceTree = "<group>"; };
		D6248A5226A9FBE4009C5AF4 /* CategoryItem.swift */ = {isa = PBXFileReference; lastKnownFileType = sourcecode.swift; path = CategoryItem.swift; sourceTree = "<group>"; };
		D6248A5426A9FC78009C5AF4 /* CategoryRow.swift */ = {isa = PBXFileReference; lastKnownFileType = sourcecode.swift; path = CategoryRow.swift; sourceTree = "<group>"; };
		D63AAD1026C3283100D829AB /* AudioStatus.swift */ = {isa = PBXFileReference; lastKnownFileType = sourcecode.swift; path = AudioStatus.swift; sourceTree = "<group>"; };
		D63AAD1226C3295F00D829AB /* AudioBox.swift */ = {isa = PBXFileReference; lastKnownFileType = sourcecode.swift; path = AudioBox.swift; sourceTree = "<group>"; };
		D658B2812696518C00859A7E /* StationRow.swift */ = {isa = PBXFileReference; lastKnownFileType = sourcecode.swift; path = StationRow.swift; sourceTree = "<group>"; };
		D658B283269656CB00859A7E /* SearchBar.swift */ = {isa = PBXFileReference; lastKnownFileType = sourcecode.swift; path = SearchBar.swift; sourceTree = "<group>"; };
		D65E73F02697E2370050E7DB /* PlayerView.swift */ = {isa = PBXFileReference; lastKnownFileType = sourcecode.swift; path = PlayerView.swift; sourceTree = "<group>"; };
		D65E73F22697E44F0050E7DB /* info.swift */ = {isa = PBXFileReference; lastKnownFileType = sourcecode.swift; path = info.swift; sourceTree = "<group>"; };
		D663139E26B2023A00F9DA30 /* audioAnimation.swift */ = {isa = PBXFileReference; lastKnownFileType = sourcecode.swift; path = audioAnimation.swift; sourceTree = "<group>"; };
		D674930426B452B200CE6AC2 /* ArtWorkView.swift */ = {isa = PBXFileReference; lastKnownFileType = sourcecode.swift; path = ArtWorkView.swift; sourceTree = "<group>"; };
		D676D05226A1C4250030FC05 /* ContentView.swift */ = {isa = PBXFileReference; lastKnownFileType = sourcecode.swift; name = ContentView.swift; path = TabBar/ContentView.swift; sourceTree = "<group>"; };
		D685D1E926990431004FDE3F /* PlayerBar.swift */ = {isa = PBXFileReference; lastKnownFileType = sourcecode.swift; path = PlayerBar.swift; sourceTree = "<group>"; };
		D69681EF26C1D0F800D8081F /* FavoriteButton.swift */ = {isa = PBXFileReference; lastKnownFileType = sourcecode.swift; path = FavoriteButton.swift; sourceTree = "<group>"; };
		D69A69F726B4975500117A72 /* favoritesListView.swift */ = {isa = PBXFileReference; lastKnownFileType = sourcecode.swift; path = favoritesListView.swift; sourceTree = "<group>"; };
		D6A30E7926C2E7EF003D3534 /* RadioApi.swift */ = {isa = PBXFileReference; lastKnownFileType = sourcecode.swift; path = RadioApi.swift; sourceTree = "<group>"; };
		D6C52D1926A0FB6E0062DB6B /* Blur.swift */ = {isa = PBXFileReference; lastKnownFileType = sourcecode.swift; path = Blur.swift; sourceTree = "<group>"; };
		D6C7FAE826964A5F0000532B /* SearchView.swift */ = {isa = PBXFileReference; lastKnownFileType = sourcecode.swift; path = SearchView.swift; sourceTree = "<group>"; };
		D6C9A55726CC19EB0071A01C /* SwiftUIView.swift */ = {isa = PBXFileReference; lastKnownFileType = sourcecode.swift; path = SwiftUIView.swift; sourceTree = "<group>"; };
		D6C9A55926CC1B6B0071A01C /* URLimage.swift */ = {isa = PBXFileReference; lastKnownFileType = sourcecode.swift; path = URLimage.swift; sourceTree = "<group>"; };
		D6D9B64626B0A7210048B281 /* EmptySearchView.swift */ = {isa = PBXFileReference; lastKnownFileType = sourcecode.swift; path = EmptySearchView.swift; sourceTree = "<group>"; };
		D6D9B64826B0AB4D0048B281 /* EmptyFavoritesView.swift */ = {isa = PBXFileReference; lastKnownFileType = sourcecode.swift; path = EmptyFavoritesView.swift; sourceTree = "<group>"; };
		D6E52F3926ADB59200E83B8F /* SwiftUI.framework */ = {isa = PBXFileReference; lastKnownFileType = wrapper.framework; name = SwiftUI.framework; path = System/Library/Frameworks/SwiftUI.framework; sourceTree = SDKROOT; };
		D6F1A8A026CC551C00B9BA93 /* StationModel.swift */ = {isa = PBXFileReference; lastKnownFileType = sourcecode.swift; path = StationModel.swift; sourceTree = "<group>"; };
		D6F1A8A726CC670F00B9BA93 /* ImageURL.swift */ = {isa = PBXFileReference; lastKnownFileType = sourcecode.swift; path = ImageURL.swift; sourceTree = "<group>"; };
/* End PBXFileReference section */

/* Begin PBXFrameworksBuildPhase section */
		D605301E2695F8AC00142D75 /* Frameworks */ = {
			isa = PBXFrameworksBuildPhase;
			buildActionMask = 2147483647;
			files = (
				D6F1A8A626CC66D200B9BA93 /* URLImage in Frameworks */,
				D66313A626B222C200F9DA30 /* SwiftUIListSeparator in Frameworks */,
			);
			runOnlyForDeploymentPostprocessing = 0;
		};
/* End PBXFrameworksBuildPhase section */

/* Begin PBXGroup section */
		0F99642D4BEC452108BB3D43 /* Frameworks */ = {
			isa = PBXGroup;
			children = (
				D6E52F3926ADB59200E83B8F /* SwiftUI.framework */,
			);
			name = Frameworks;
			sourceTree = "<group>";
		};
		D60530182695F8AC00142D75 = {
			isa = PBXGroup;
			children = (
				D60530232695F8AC00142D75 /* RadioIn */,
				D60530222695F8AC00142D75 /* Products */,
				0F99642D4BEC452108BB3D43 /* Frameworks */,
			);
			sourceTree = "<group>";
		};
		D60530222695F8AC00142D75 /* Products */ = {
			isa = PBXGroup;
			children = (
				D60530212695F8AC00142D75 /* RadioIn.app */,
			);
			name = Products;
			sourceTree = "<group>";
		};
		D60530232695F8AC00142D75 /* RadioIn */ = {
			isa = PBXGroup;
			children = (
				D66E07202697B58A006920D6 /* App */,
				D6C7FAE726964A4B0000532B /* Views */,
				D66313A126B219A500F9DA30 /* Modifiers */,
				D63AAD0F26C3280300D829AB /* RadioPlayer */,
				D66E071726973BD4006920D6 /* Model */,
				D6D577F5269C9A5100AE3ABA /* Resources */,
				D605302A2695F8AE00142D75 /* Preview Content */,
			);
			path = RadioIn;
			sourceTree = "<group>";
		};
		D605302A2695F8AE00142D75 /* Preview Content */ = {
			isa = PBXGroup;
			children = (
				D605302B2695F8AE00142D75 /* Preview Assets.xcassets */,
			);
			path = "Preview Content";
			sourceTree = "<group>";
		};
		D63AAD0F26C3280300D829AB /* RadioPlayer */ = {
			isa = PBXGroup;
			children = (
				D61C5FEB26A8A47400E9AEC6 /* PlayerViewModel.swift */,
				D63AAD1026C3283100D829AB /* AudioStatus.swift */,
				D63AAD1226C3295F00D829AB /* AudioBox.swift */,
			);
			path = RadioPlayer;
			sourceTree = "<group>";
		};
		D66313A126B219A500F9DA30 /* Modifiers */ = {
			isa = PBXGroup;
			children = (
				D663139E26B2023A00F9DA30 /* audioAnimation.swift */,
				D6C52D1926A0FB6E0062DB6B /* Blur.swift */,
			);
			path = Modifiers;
			sourceTree = "<group>";
		};
		D66E071726973BD4006920D6 /* Model */ = {
			isa = PBXGroup;
			children = (
				D6A30E7926C2E7EF003D3534 /* RadioApi.swift */,
				D6F1A8A026CC551C00B9BA93 /* StationModel.swift */,
			);
			path = Model;
			sourceTree = "<group>";
		};
		D66E071826978E65006920D6 /* Search */ = {
			isa = PBXGroup;
			children = (
				D6C7FAE826964A5F0000532B /* SearchView.swift */,
				D658B283269656CB00859A7E /* SearchBar.swift */,
				D6D9B64626B0A7210048B281 /* EmptySearchView.swift */,
			);
			path = Search;
			sourceTree = "<group>";
		};
		D66E071D2697A7D7006920D6 /* Favorites */ = {
			isa = PBXGroup;
			children = (
				D6D9B64826B0AB4D0048B281 /* EmptyFavoritesView.swift */,
				D69A69F726B4975500117A72 /* favoritesListView.swift */,
				D69681EF26C1D0F800D8081F /* FavoriteButton.swift */,
			);
			path = Favorites;
			sourceTree = "<group>";
		};
		D66E07202697B58A006920D6 /* App */ = {
			isa = PBXGroup;
			children = (
				D60530242695F8AC00142D75 /* RadioInApp.swift */,
				D60530282695F8AD00142D75 /* Assets.xcassets */,
				D605302D2695F8AE00142D75 /* Info.plist */,
			);
			path = App;
			sourceTree = "<group>";
		};
		D674930326B4525B00CE6AC2 /* Row */ = {
			isa = PBXGroup;
			children = (
				D658B2812696518C00859A7E /* StationRow.swift */,
				D674930426B452B200CE6AC2 /* ArtWorkView.swift */,
				D6C9A55926CC1B6B0071A01C /* URLimage.swift */,
				D6F1A8A726CC670F00B9BA93 /* ImageURL.swift */,
			);
			path = Row;
			sourceTree = "<group>";
		};
		D685D1E12698E23D004FDE3F /* Player */ = {
			isa = PBXGroup;
			children = (
				D65E73F02697E2370050E7DB /* PlayerView.swift */,
				D685D1E926990431004FDE3F /* PlayerBar.swift */,
				D6248A5226A9FBE4009C5AF4 /* CategoryItem.swift */,
				D6248A5426A9FC78009C5AF4 /* CategoryRow.swift */,
			);
			path = Player;
			sourceTree = "<group>";
		};
		D685D1E22698E248004FDE3F /* Info */ = {
			isa = PBXGroup;
			children = (
				D65E73F22697E44F0050E7DB /* info.swift */,
			);
			path = Info;
			sourceTree = "<group>";
		};
		D6C7FAE726964A4B0000532B /* Views */ = {
			isa = PBXGroup;
			children = (
				D676D05226A1C4250030FC05 /* ContentView.swift */,
				D674930326B4525B00CE6AC2 /* Row */,
				D66E071826978E65006920D6 /* Search */,
				D66E071D2697A7D7006920D6 /* Favorites */,
				D685D1E12698E23D004FDE3F /* Player */,
				D685D1E22698E248004FDE3F /* Info */,
				D6C9A55726CC19EB0071A01C /* SwiftUIView.swift */,
			);
			path = Views;
			sourceTree = "<group>";
		};
		D6D577F5269C9A5100AE3ABA /* Resources */ = {
			isa = PBXGroup;
			children = (
			);
			path = Resources;
			sourceTree = "<group>";
		};
/* End PBXGroup section */

/* Begin PBXNativeTarget section */
		D60530202695F8AC00142D75 /* RadioIn */ = {
			isa = PBXNativeTarget;
			buildConfigurationList = D60530302695F8AE00142D75 /* Build configuration list for PBXNativeTarget "RadioIn" */;
			buildPhases = (
				D605301D2695F8AC00142D75 /* Sources */,
				D605301E2695F8AC00142D75 /* Frameworks */,
				D605301F2695F8AC00142D75 /* Resources */,
				D6E52F4426ADB59600E83B8F /* Embed App Extensions */,
			);
			buildRules = (
			);
			dependencies = (
			);
			name = RadioIn;
			packageProductDependencies = (
				D66313A526B222C200F9DA30 /* SwiftUIListSeparator */,
				D6F1A8A526CC66D200B9BA93 /* URLImage */,
			);
			productName = RadioIn;
			productReference = D60530212695F8AC00142D75 /* RadioIn.app */;
			productType = "com.apple.product-type.application";
		};
/* End PBXNativeTarget section */

/* Begin PBXProject section */
		D60530192695F8AC00142D75 /* Project object */ = {
			isa = PBXProject;
			attributes = {
				LastSwiftUpdateCheck = 1250;
				LastUpgradeCheck = 1250;
				TargetAttributes = {
					D60530202695F8AC00142D75 = {
						CreatedOnToolsVersion = 12.5.1;
					};
				};
			};
			buildConfigurationList = D605301C2695F8AC00142D75 /* Build configuration list for PBXProject "RadioIn" */;
			compatibilityVersion = "Xcode 9.3";
			developmentRegion = en;
			hasScannedForEncodings = 0;
			knownRegions = (
				en,
				Base,
			);
			mainGroup = D60530182695F8AC00142D75;
			packageReferences = (
				D66313A426B222C200F9DA30 /* XCRemoteSwiftPackageReference "SwiftUIListSeparator" */,
				D6F1A8A426CC66D200B9BA93 /* XCRemoteSwiftPackageReference "url-image" */,
			);
			productRefGroup = D60530222695F8AC00142D75 /* Products */;
			projectDirPath = "";
			projectRoot = "";
			targets = (
				D60530202695F8AC00142D75 /* RadioIn */,
			);
		};
/* End PBXProject section */

/* Begin PBXResourcesBuildPhase section */
		D605301F2695F8AC00142D75 /* Resources */ = {
			isa = PBXResourcesBuildPhase;
			buildActionMask = 2147483647;
			files = (
				D605302C2695F8AE00142D75 /* Preview Assets.xcassets in Resources */,
				D60530292695F8AD00142D75 /* Assets.xcassets in Resources */,
			);
			runOnlyForDeploymentPostprocessing = 0;
		};
/* End PBXResourcesBuildPhase section */

/* Begin PBXSourcesBuildPhase section */
		D605301D2695F8AC00142D75 /* Sources */ = {
			isa = PBXSourcesBuildPhase;
			buildActionMask = 2147483647;
			files = (
				D6C9A55A26CC1B6B0071A01C /* URLimage.swift in Sources */,
				D663139F26B2023A00F9DA30 /* audioAnimation.swift in Sources */,
				D69A69F826B4975500117A72 /* favoritesListView.swift in Sources */,
				D63AAD1326C3295F00D829AB /* AudioBox.swift in Sources */,
				D658B2822696518C00859A7E /* StationRow.swift in Sources */,
				D6F1A8A826CC670F00B9BA93 /* ImageURL.swift in Sources */,
				D6D9B64726B0A7210048B281 /* EmptySearchView.swift in Sources */,
				D65E73F32697E44F0050E7DB /* info.swift in Sources */,
				D6F1A8A126CC551C00B9BA93 /* StationModel.swift in Sources */,
				D685D1EA26990431004FDE3F /* PlayerBar.swift in Sources */,
				D65E73F12697E2370050E7DB /* PlayerView.swift in Sources */,
				D61C5FEC26A8A47400E9AEC6 /* PlayerViewModel.swift in Sources */,
				D658B284269656CB00859A7E /* SearchBar.swift in Sources */,
				D674930526B452B200CE6AC2 /* ArtWorkView.swift in Sources */,
				D63AAD1126C3283100D829AB /* AudioStatus.swift in Sources */,
				D6248A5326A9FBE4009C5AF4 /* CategoryItem.swift in Sources */,
				D60530252695F8AC00142D75 /* RadioInApp.swift in Sources */,
				D69681F026C1D0F800D8081F /* FavoriteButton.swift in Sources */,
				D6A30E7A26C2E7EF003D3534 /* RadioApi.swift in Sources */,
				D6C9A55826CC19EB0071A01C /* SwiftUIView.swift in Sources */,
				D6C7FAE926964A5F0000532B /* SearchView.swift in Sources */,
				D6D9B64926B0AB4D0048B281 /* EmptyFavoritesView.swift in Sources */,
				D676D05326A1C4250030FC05 /* ContentView.swift in Sources */,
				D6248A5526A9FC78009C5AF4 /* CategoryRow.swift in Sources */,
				D6C52D1A26A0FB6E0062DB6B /* Blur.swift in Sources */,
			);
			runOnlyForDeploymentPostprocessing = 0;
		};
/* End PBXSourcesBuildPhase section */

/* Begin XCBuildConfiguration section */
		D605302E2695F8AE00142D75 /* Debug */ = {
			isa = XCBuildConfiguration;
			buildSettings = {
				ALWAYS_SEARCH_USER_PATHS = NO;
				CLANG_ANALYZER_NONNULL = YES;
				CLANG_ANALYZER_NUMBER_OBJECT_CONVERSION = YES_AGGRESSIVE;
				CLANG_CXX_LANGUAGE_STANDARD = "gnu++14";
				CLANG_CXX_LIBRARY = "libc++";
				CLANG_ENABLE_MODULES = YES;
				CLANG_ENABLE_OBJC_ARC = YES;
				CLANG_ENABLE_OBJC_WEAK = YES;
				CLANG_WARN_BLOCK_CAPTURE_AUTORELEASING = YES;
				CLANG_WARN_BOOL_CONVERSION = YES;
				CLANG_WARN_COMMA = YES;
				CLANG_WARN_CONSTANT_CONVERSION = YES;
				CLANG_WARN_DEPRECATED_OBJC_IMPLEMENTATIONS = YES;
				CLANG_WARN_DIRECT_OBJC_ISA_USAGE = YES_ERROR;
				CLANG_WARN_DOCUMENTATION_COMMENTS = YES;
				CLANG_WARN_EMPTY_BODY = YES;
				CLANG_WARN_ENUM_CONVERSION = YES;
				CLANG_WARN_INFINITE_RECURSION = YES;
				CLANG_WARN_INT_CONVERSION = YES;
				CLANG_WARN_NON_LITERAL_NULL_CONVERSION = YES;
				CLANG_WARN_OBJC_IMPLICIT_RETAIN_SELF = YES;
				CLANG_WARN_OBJC_LITERAL_CONVERSION = YES;
				CLANG_WARN_OBJC_ROOT_CLASS = YES_ERROR;
				CLANG_WARN_QUOTED_INCLUDE_IN_FRAMEWORK_HEADER = YES;
				CLANG_WARN_RANGE_LOOP_ANALYSIS = YES;
				CLANG_WARN_STRICT_PROTOTYPES = YES;
				CLANG_WARN_SUSPICIOUS_MOVE = YES;
				CLANG_WARN_UNGUARDED_AVAILABILITY = YES_AGGRESSIVE;
				CLANG_WARN_UNREACHABLE_CODE = YES;
				CLANG_WARN__DUPLICATE_METHOD_MATCH = YES;
				COPY_PHASE_STRIP = NO;
				DEBUG_INFORMATION_FORMAT = dwarf;
				ENABLE_STRICT_OBJC_MSGSEND = YES;
				ENABLE_TESTABILITY = YES;
				GCC_C_LANGUAGE_STANDARD = gnu11;
				GCC_DYNAMIC_NO_PIC = NO;
				GCC_NO_COMMON_BLOCKS = YES;
				GCC_OPTIMIZATION_LEVEL = 0;
				GCC_PREPROCESSOR_DEFINITIONS = (
					"DEBUG=1",
					"$(inherited)",
				);
				GCC_WARN_64_TO_32_BIT_CONVERSION = YES;
				GCC_WARN_ABOUT_RETURN_TYPE = YES_ERROR;
				GCC_WARN_UNDECLARED_SELECTOR = YES;
				GCC_WARN_UNINITIALIZED_AUTOS = YES_AGGRESSIVE;
				GCC_WARN_UNUSED_FUNCTION = YES;
				GCC_WARN_UNUSED_VARIABLE = YES;
				IPHONEOS_DEPLOYMENT_TARGET = 14.5;
				MTL_ENABLE_DEBUG_INFO = INCLUDE_SOURCE;
				MTL_FAST_MATH = YES;
				ONLY_ACTIVE_ARCH = YES;
				SDKROOT = iphoneos;
				SWIFT_ACTIVE_COMPILATION_CONDITIONS = DEBUG;
				SWIFT_OPTIMIZATION_LEVEL = "-Onone";
			};
			name = Debug;
		};
		D605302F2695F8AE00142D75 /* Release */ = {
			isa = XCBuildConfiguration;
			buildSettings = {
				ALWAYS_SEARCH_USER_PATHS = NO;
				CLANG_ANALYZER_NONNULL = YES;
				CLANG_ANALYZER_NUMBER_OBJECT_CONVERSION = YES_AGGRESSIVE;
				CLANG_CXX_LANGUAGE_STANDARD = "gnu++14";
				CLANG_CXX_LIBRARY = "libc++";
				CLANG_ENABLE_MODULES = YES;
				CLANG_ENABLE_OBJC_ARC = YES;
				CLANG_ENABLE_OBJC_WEAK = YES;
				CLANG_WARN_BLOCK_CAPTURE_AUTORELEASING = YES;
				CLANG_WARN_BOOL_CONVERSION = YES;
				CLANG_WARN_COMMA = YES;
				CLANG_WARN_CONSTANT_CONVERSION = YES;
				CLANG_WARN_DEPRECATED_OBJC_IMPLEMENTATIONS = YES;
				CLANG_WARN_DIRECT_OBJC_ISA_USAGE = YES_ERROR;
				CLANG_WARN_DOCUMENTATION_COMMENTS = YES;
				CLANG_WARN_EMPTY_BODY = YES;
				CLANG_WARN_ENUM_CONVERSION = YES;
				CLANG_WARN_INFINITE_RECURSION = YES;
				CLANG_WARN_INT_CONVERSION = YES;
				CLANG_WARN_NON_LITERAL_NULL_CONVERSION = YES;
				CLANG_WARN_OBJC_IMPLICIT_RETAIN_SELF = YES;
				CLANG_WARN_OBJC_LITERAL_CONVERSION = YES;
				CLANG_WARN_OBJC_ROOT_CLASS = YES_ERROR;
				CLANG_WARN_QUOTED_INCLUDE_IN_FRAMEWORK_HEADER = YES;
				CLANG_WARN_RANGE_LOOP_ANALYSIS = YES;
				CLANG_WARN_STRICT_PROTOTYPES = YES;
				CLANG_WARN_SUSPICIOUS_MOVE = YES;
				CLANG_WARN_UNGUARDED_AVAILABILITY = YES_AGGRESSIVE;
				CLANG_WARN_UNREACHABLE_CODE = YES;
				CLANG_WARN__DUPLICATE_METHOD_MATCH = YES;
				COPY_PHASE_STRIP = NO;
				DEBUG_INFORMATION_FORMAT = "dwarf-with-dsym";
				ENABLE_NS_ASSERTIONS = NO;
				ENABLE_STRICT_OBJC_MSGSEND = YES;
				GCC_C_LANGUAGE_STANDARD = gnu11;
				GCC_NO_COMMON_BLOCKS = YES;
				GCC_WARN_64_TO_32_BIT_CONVERSION = YES;
				GCC_WARN_ABOUT_RETURN_TYPE = YES_ERROR;
				GCC_WARN_UNDECLARED_SELECTOR = YES;
				GCC_WARN_UNINITIALIZED_AUTOS = YES_AGGRESSIVE;
				GCC_WARN_UNUSED_FUNCTION = YES;
				GCC_WARN_UNUSED_VARIABLE = YES;
				IPHONEOS_DEPLOYMENT_TARGET = 14.5;
				MTL_ENABLE_DEBUG_INFO = NO;
				MTL_FAST_MATH = YES;
				SDKROOT = iphoneos;
				SWIFT_COMPILATION_MODE = wholemodule;
				SWIFT_OPTIMIZATION_LEVEL = "-O";
				VALIDATE_PRODUCT = YES;
			};
			name = Release;
		};
		D60530312695F8AE00142D75 /* Debug */ = {
			isa = XCBuildConfiguration;
			buildSettings = {
				ALWAYS_EMBED_SWIFT_STANDARD_LIBRARIES = YES;
				ASSETCATALOG_COMPILER_APPICON_NAME = AppIcon;
				ASSETCATALOG_COMPILER_GLOBAL_ACCENT_COLOR_NAME = AccentColor;
				CODE_SIGN_STYLE = Automatic;
				DEVELOPMENT_ASSET_PATHS = "\"RadioIn/Preview Content\"";
				DEVELOPMENT_TEAM = SJG2A7QTCS;
				ENABLE_PREVIEWS = YES;
				INFOPLIST_FILE = RadioIn/App/Info.plist;
				IPHONEOS_DEPLOYMENT_TARGET = 14.0;
				LD_RUNPATH_SEARCH_PATHS = (
					"$(inherited)",
					"@executable_path/Frameworks",
				);
				PRODUCT_BUNDLE_IDENTIFIER = "com.ceban-coding.RadioIn";
				PRODUCT_NAME = "$(TARGET_NAME)";
				SWIFT_VERSION = 5.0;
				TARGETED_DEVICE_FAMILY = "1,2";
			};
			name = Debug;
		};
		D60530322695F8AE00142D75 /* Release */ = {
			isa = XCBuildConfiguration;
			buildSettings = {
				ALWAYS_EMBED_SWIFT_STANDARD_LIBRARIES = YES;
				ASSETCATALOG_COMPILER_APPICON_NAME = AppIcon;
				ASSETCATALOG_COMPILER_GLOBAL_ACCENT_COLOR_NAME = AccentColor;
				CODE_SIGN_STYLE = Automatic;
				DEVELOPMENT_ASSET_PATHS = "\"RadioIn/Preview Content\"";
				DEVELOPMENT_TEAM = SJG2A7QTCS;
				ENABLE_PREVIEWS = YES;
				INFOPLIST_FILE = RadioIn/App/Info.plist;
				IPHONEOS_DEPLOYMENT_TARGET = 14.0;
				LD_RUNPATH_SEARCH_PATHS = (
					"$(inherited)",
					"@executable_path/Frameworks",
				);
				PRODUCT_BUNDLE_IDENTIFIER = "com.ceban-coding.RadioIn";
				PRODUCT_NAME = "$(TARGET_NAME)";
				SWIFT_VERSION = 5.0;
				TARGETED_DEVICE_FAMILY = "1,2";
			};
			name = Release;
		};
/* End XCBuildConfiguration section */

/* Begin XCConfigurationList section */
		D605301C2695F8AC00142D75 /* Build configuration list for PBXProject "RadioIn" */ = {
			isa = XCConfigurationList;
			buildConfigurations = (
				D605302E2695F8AE00142D75 /* Debug */,
				D605302F2695F8AE00142D75 /* Release */,
			);
			defaultConfigurationIsVisible = 0;
			defaultConfigurationName = Release;
		};
		D60530302695F8AE00142D75 /* Build configuration list for PBXNativeTarget "RadioIn" */ = {
			isa = XCConfigurationList;
			buildConfigurations = (
				D60530312695F8AE00142D75 /* Debug */,
				D60530322695F8AE00142D75 /* Release */,
			);
			defaultConfigurationIsVisible = 0;
			defaultConfigurationName = Release;
		};
/* End XCConfigurationList section */

/* Begin XCRemoteSwiftPackageReference section */
		D66313A426B222C200F9DA30 /* XCRemoteSwiftPackageReference "SwiftUIListSeparator" */ = {
			isa = XCRemoteSwiftPackageReference;
			repositoryURL = "https://github.com/SchmidtyApps/SwiftUIListSeparator.git";
			requirement = {
				kind = upToNextMajorVersion;
				minimumVersion = 1.0.0;
			};
		};
		D6F1A8A426CC66D200B9BA93 /* XCRemoteSwiftPackageReference "url-image" */ = {
			isa = XCRemoteSwiftPackageReference;
			repositoryURL = "https://github.com/dmytro-anokhin/url-image";
			requirement = {
				kind = upToNextMajorVersion;
				minimumVersion = 3.1.0;
			};
		};
/* End XCRemoteSwiftPackageReference section */

/* Begin XCSwiftPackageProductDependency section */
		D66313A526B222C200F9DA30 /* SwiftUIListSeparator */ = {
			isa = XCSwiftPackageProductDependency;
			package = D66313A426B222C200F9DA30 /* XCRemoteSwiftPackageReference "SwiftUIListSeparator" */;
			productName = SwiftUIListSeparator;
		};
		D6F1A8A526CC66D200B9BA93 /* URLImage */ = {
			isa = XCSwiftPackageProductDependency;
			package = D6F1A8A426CC66D200B9BA93 /* XCRemoteSwiftPackageReference "url-image" */;
			productName = URLImage;
		};
/* End XCSwiftPackageProductDependency section */
	};
	rootObject = D60530192695F8AC00142D75 /* Project object */;
}
